// !$*UTF8*$!
{
	archiveVersion = 1;
	classes = {
	};
	objectVersion = 50;
	objects = {

/* Begin PBXBuildFile section */
		1C0BB68F22A4C420009327F3 /* GFCompatible.swift in Sources */ = {isa = PBXBuildFile; fileRef = 1C0BB68E22A4C420009327F3 /* GFCompatible.swift */; };
		1C149754213F70E800197EA0 /* GlobalConst.swift in Sources */ = {isa = PBXBuildFile; fileRef = 1C149753213F70E800197EA0 /* GlobalConst.swift */; };
		1C4943D7237BE73400090E72 /* Extension+runtime.swift in Sources */ = {isa = PBXBuildFile; fileRef = 1C4943D6237BE73400090E72 /* Extension+runtime.swift */; };
		1C4943DA237BED0B00090E72 /* UIButton+Tools.swift in Sources */ = {isa = PBXBuildFile; fileRef = 1C4943D9237BED0B00090E72 /* UIButton+Tools.swift */; };
		1C4943DC237BF02900090E72 /* Codable+Tools.swift in Sources */ = {isa = PBXBuildFile; fileRef = 1C4943DB237BF02900090E72 /* Codable+Tools.swift */; };
		1CAC55072113F4C000D2D29F /* Extension+UIKit.swift in Sources */ = {isa = PBXBuildFile; fileRef = 1CAC55062113F4C000D2D29F /* Extension+UIKit.swift */; };
		1CAC55092113F4DA00D2D29F /* Extension+Foundation.swift in Sources */ = {isa = PBXBuildFile; fileRef = 1CAC55082113F4DA00D2D29F /* Extension+Foundation.swift */; };
		1CBB462C2113150A0054F0E0 /* AppDelegate.swift in Sources */ = {isa = PBXBuildFile; fileRef = 1CBB462B2113150A0054F0E0 /* AppDelegate.swift */; };
		1CBB462E2113150A0054F0E0 /* ViewController.swift in Sources */ = {isa = PBXBuildFile; fileRef = 1CBB462D2113150A0054F0E0 /* ViewController.swift */; };
		1CBB46312113150A0054F0E0 /* Main.storyboard in Resources */ = {isa = PBXBuildFile; fileRef = 1CBB462F2113150A0054F0E0 /* Main.storyboard */; };
		1CBB46332113150C0054F0E0 /* Assets.xcassets in Resources */ = {isa = PBXBuildFile; fileRef = 1CBB46322113150C0054F0E0 /* Assets.xcassets */; };
		1CBB46362113150C0054F0E0 /* LaunchScreen.storyboard in Resources */ = {isa = PBXBuildFile; fileRef = 1CBB46342113150C0054F0E0 /* LaunchScreen.storyboard */; };
		1CBB46412113150C0054F0E0 /* GFExtensionsTests.swift in Sources */ = {isa = PBXBuildFile; fileRef = 1CBB46402113150C0054F0E0 /* GFExtensionsTests.swift */; };
		1CBB464C2113150C0054F0E0 /* GFExtensionsUITests.swift in Sources */ = {isa = PBXBuildFile; fileRef = 1CBB464B2113150C0054F0E0 /* GFExtensionsUITests.swift */; };
/* End PBXBuildFile section */

/* Begin PBXContainerItemProxy section */
		1CBB463D2113150C0054F0E0 /* PBXContainerItemProxy */ = {
			isa = PBXContainerItemProxy;
			containerPortal = 1CBB46202113150A0054F0E0 /* Project object */;
			proxyType = 1;
			remoteGlobalIDString = 1CBB46272113150A0054F0E0;
			remoteInfo = GFExtensions;
		};
		1CBB46482113150C0054F0E0 /* PBXContainerItemProxy */ = {
			isa = PBXContainerItemProxy;
			containerPortal = 1CBB46202113150A0054F0E0 /* Project object */;
			proxyType = 1;
			remoteGlobalIDString = 1CBB46272113150A0054F0E0;
			remoteInfo = GFExtensions;
		};
/* End PBXContainerItemProxy section */

/* Begin PBXFileReference section */
		1C0BB68E22A4C420009327F3 /* GFCompatible.swift */ = {isa = PBXFileReference; lastKnownFileType = sourcecode.swift; path = GFCompatible.swift; sourceTree = "<group>"; };
		1C149753213F70E800197EA0 /* GlobalConst.swift */ = {isa = PBXFileReference; lastKnownFileType = sourcecode.swift; path = GlobalConst.swift; sourceTree = "<group>"; };
		1C4943D6237BE73400090E72 /* Extension+runtime.swift */ = {isa = PBXFileReference; lastKnownFileType = sourcecode.swift; path = "Extension+runtime.swift"; sourceTree = "<group>"; };
		1C4943D9237BED0B00090E72 /* UIButton+Tools.swift */ = {isa = PBXFileReference; lastKnownFileType = sourcecode.swift; path = "UIButton+Tools.swift"; sourceTree = "<group>"; };
		1C4943DB237BF02900090E72 /* Codable+Tools.swift */ = {isa = PBXFileReference; lastKnownFileType = sourcecode.swift; path = "Codable+Tools.swift"; sourceTree = "<group>"; };
		1CAC55062113F4C000D2D29F /* Extension+UIKit.swift */ = {isa = PBXFileReference; lastKnownFileType = sourcecode.swift; path = "Extension+UIKit.swift"; sourceTree = "<group>"; };
		1CAC55082113F4DA00D2D29F /* Extension+Foundation.swift */ = {isa = PBXFileReference; lastKnownFileType = sourcecode.swift; path = "Extension+Foundation.swift"; sourceTree = "<group>"; };
		1CBB46282113150A0054F0E0 /* GFExtensions.app */ = {isa = PBXFileReference; explicitFileType = wrapper.application; includeInIndex = 0; path = GFExtensions.app; sourceTree = BUILT_PRODUCTS_DIR; };
		1CBB462B2113150A0054F0E0 /* AppDelegate.swift */ = {isa = PBXFileReference; lastKnownFileType = sourcecode.swift; path = AppDelegate.swift; sourceTree = "<group>"; };
		1CBB462D2113150A0054F0E0 /* ViewController.swift */ = {isa = PBXFileReference; lastKnownFileType = sourcecode.swift; path = ViewController.swift; sourceTree = "<group>"; };
		1CBB46302113150A0054F0E0 /* Base */ = {isa = PBXFileReference; lastKnownFileType = file.storyboard; name = Base; path = Base.lproj/Main.storyboard; sourceTree = "<group>"; };
		1CBB46322113150C0054F0E0 /* Assets.xcassets */ = {isa = PBXFileReference; lastKnownFileType = folder.assetcatalog; path = Assets.xcassets; sourceTree = "<group>"; };
		1CBB46352113150C0054F0E0 /* Base */ = {isa = PBXFileReference; lastKnownFileType = file.storyboard; name = Base; path = Base.lproj/LaunchScreen.storyboard; sourceTree = "<group>"; };
		1CBB46372113150C0054F0E0 /* Info.plist */ = {isa = PBXFileReference; lastKnownFileType = text.plist.xml; path = Info.plist; sourceTree = "<group>"; };
		1CBB463C2113150C0054F0E0 /* GFExtensionsTests.xctest */ = {isa = PBXFileReference; explicitFileType = wrapper.cfbundle; includeInIndex = 0; path = GFExtensionsTests.xctest; sourceTree = BUILT_PRODUCTS_DIR; };
		1CBB46402113150C0054F0E0 /* GFExtensionsTests.swift */ = {isa = PBXFileReference; lastKnownFileType = sourcecode.swift; path = GFExtensionsTests.swift; sourceTree = "<group>"; };
		1CBB46422113150C0054F0E0 /* Info.plist */ = {isa = PBXFileReference; lastKnownFileType = text.plist.xml; path = Info.plist; sourceTree = "<group>"; };
		1CBB46472113150C0054F0E0 /* GFExtensionsUITests.xctest */ = {isa = PBXFileReference; explicitFileType = wrapper.cfbundle; includeInIndex = 0; path = GFExtensionsUITests.xctest; sourceTree = BUILT_PRODUCTS_DIR; };
		1CBB464B2113150C0054F0E0 /* GFExtensionsUITests.swift */ = {isa = PBXFileReference; lastKnownFileType = sourcecode.swift; path = GFExtensionsUITests.swift; sourceTree = "<group>"; };
		1CBB464D2113150C0054F0E0 /* Info.plist */ = {isa = PBXFileReference; lastKnownFileType = text.plist.xml; path = Info.plist; sourceTree = "<group>"; };
/* End PBXFileReference section */

/* Begin PBXFrameworksBuildPhase section */
		1CBB46252113150A0054F0E0 /* Frameworks */ = {
			isa = PBXFrameworksBuildPhase;
			buildActionMask = 2147483647;
			files = (
			);
			runOnlyForDeploymentPostprocessing = 0;
		};
		1CBB46392113150C0054F0E0 /* Frameworks */ = {
			isa = PBXFrameworksBuildPhase;
			buildActionMask = 2147483647;
			files = (
			);
			runOnlyForDeploymentPostprocessing = 0;
		};
		1CBB46442113150C0054F0E0 /* Frameworks */ = {
			isa = PBXFrameworksBuildPhase;
			buildActionMask = 2147483647;
			files = (
			);
			runOnlyForDeploymentPostprocessing = 0;
		};
/* End PBXFrameworksBuildPhase section */

/* Begin PBXGroup section */
		1C4943D8237BECF500090E72 /* Tools */ = {
			isa = PBXGroup;
			children = (
				1C4943D9237BED0B00090E72 /* UIButton+Tools.swift */,
				1C4943DB237BF02900090E72 /* Codable+Tools.swift */,
			);
			path = Tools;
			sourceTree = "<group>";
		};
		1CBB461F2113150A0054F0E0 = {
			isa = PBXGroup;
			children = (
				1CBB462A2113150A0054F0E0 /* GFExtensions */,
				1CBB463F2113150C0054F0E0 /* GFExtensionsTests */,
				1CBB464A2113150C0054F0E0 /* GFExtensionsUITests */,
				1CBB46292113150A0054F0E0 /* Products */,
			);
			sourceTree = "<group>";
		};
		1CBB46292113150A0054F0E0 /* Products */ = {
			isa = PBXGroup;
			children = (
				1CBB46282113150A0054F0E0 /* GFExtensions.app */,
				1CBB463C2113150C0054F0E0 /* GFExtensionsTests.xctest */,
				1CBB46472113150C0054F0E0 /* GFExtensionsUITests.xctest */,
			);
			name = Products;
			sourceTree = "<group>";
		};
		1CBB462A2113150A0054F0E0 /* GFExtensions */ = {
			isa = PBXGroup;
			children = (
				1C4943D8237BECF500090E72 /* Tools */,
				1CBB46592113152C0054F0E0 /* New Group */,
				1CBB462B2113150A0054F0E0 /* AppDelegate.swift */,
				1CBB462D2113150A0054F0E0 /* ViewController.swift */,
				1CBB462F2113150A0054F0E0 /* Main.storyboard */,
				1CBB46322113150C0054F0E0 /* Assets.xcassets */,
				1CBB46342113150C0054F0E0 /* LaunchScreen.storyboard */,
				1CBB46372113150C0054F0E0 /* Info.plist */,
			);
			path = GFExtensions;
			sourceTree = "<group>";
		};
		1CBB463F2113150C0054F0E0 /* GFExtensionsTests */ = {
			isa = PBXGroup;
			children = (
				1CBB46402113150C0054F0E0 /* GFExtensionsTests.swift */,
				1CBB46422113150C0054F0E0 /* Info.plist */,
			);
			path = GFExtensionsTests;
			sourceTree = "<group>";
		};
		1CBB464A2113150C0054F0E0 /* GFExtensionsUITests */ = {
			isa = PBXGroup;
			children = (
				1CBB464B2113150C0054F0E0 /* GFExtensionsUITests.swift */,
				1CBB464D2113150C0054F0E0 /* Info.plist */,
			);
			path = GFExtensionsUITests;
			sourceTree = "<group>";
		};
		1CBB46592113152C0054F0E0 /* New Group */ = {
			isa = PBXGroup;
			children = (
				1CAC55062113F4C000D2D29F /* Extension+UIKit.swift */,
				1CAC55082113F4DA00D2D29F /* Extension+Foundation.swift */,
				1C149753213F70E800197EA0 /* GlobalConst.swift */,
				1C0BB68E22A4C420009327F3 /* GFCompatible.swift */,
				1C4943D6237BE73400090E72 /* Extension+runtime.swift */,
			);
			path = "New Group";
			sourceTree = "<group>";
		};
/* End PBXGroup section */

/* Begin PBXNativeTarget section */
		1CBB46272113150A0054F0E0 /* GFExtensions */ = {
			isa = PBXNativeTarget;
			buildConfigurationList = 1CBB46502113150C0054F0E0 /* Build configuration list for PBXNativeTarget "GFExtensions" */;
			buildPhases = (
				1CBB46242113150A0054F0E0 /* Sources */,
				1CBB46252113150A0054F0E0 /* Frameworks */,
				1CBB46262113150A0054F0E0 /* Resources */,
			);
			buildRules = (
			);
			dependencies = (
			);
			name = GFExtensions;
			productName = GFExtensions;
			productReference = 1CBB46282113150A0054F0E0 /* GFExtensions.app */;
			productType = "com.apple.product-type.application";
		};
		1CBB463B2113150C0054F0E0 /* GFExtensionsTests */ = {
			isa = PBXNativeTarget;
			buildConfigurationList = 1CBB46532113150C0054F0E0 /* Build configuration list for PBXNativeTarget "GFExtensionsTests" */;
			buildPhases = (
				1CBB46382113150C0054F0E0 /* Sources */,
				1CBB46392113150C0054F0E0 /* Frameworks */,
				1CBB463A2113150C0054F0E0 /* Resources */,
			);
			buildRules = (
			);
			dependencies = (
				1CBB463E2113150C0054F0E0 /* PBXTargetDependency */,
			);
			name = GFExtensionsTests;
			productName = GFExtensionsTests;
			productReference = 1CBB463C2113150C0054F0E0 /* GFExtensionsTests.xctest */;
			productType = "com.apple.product-type.bundle.unit-test";
		};
		1CBB46462113150C0054F0E0 /* GFExtensionsUITests */ = {
			isa = PBXNativeTarget;
			buildConfigurationList = 1CBB46562113150C0054F0E0 /* Build configuration list for PBXNativeTarget "GFExtensionsUITests" */;
			buildPhases = (
				1CBB46432113150C0054F0E0 /* Sources */,
				1CBB46442113150C0054F0E0 /* Frameworks */,
				1CBB46452113150C0054F0E0 /* Resources */,
			);
			buildRules = (
			);
			dependencies = (
				1CBB46492113150C0054F0E0 /* PBXTargetDependency */,
			);
			name = GFExtensionsUITests;
			productName = GFExtensionsUITests;
			productReference = 1CBB46472113150C0054F0E0 /* GFExtensionsUITests.xctest */;
			productType = "com.apple.product-type.bundle.ui-testing";
		};
/* End PBXNativeTarget section */

/* Begin PBXProject section */
		1CBB46202113150A0054F0E0 /* Project object */ = {
			isa = PBXProject;
			attributes = {
				LastSwiftUpdateCheck = 0940;
				LastUpgradeCheck = 0940;
				ORGANIZATIONNAME = "吃面多放葱";
				TargetAttributes = {
					1CBB46272113150A0054F0E0 = {
						CreatedOnToolsVersion = 9.4.1;
						LastSwiftMigration = 1020;
					};
					1CBB463B2113150C0054F0E0 = {
						CreatedOnToolsVersion = 9.4.1;
						LastSwiftMigration = 1020;
						TestTargetID = 1CBB46272113150A0054F0E0;
					};
					1CBB46462113150C0054F0E0 = {
						CreatedOnToolsVersion = 9.4.1;
						LastSwiftMigration = 1020;
						TestTargetID = 1CBB46272113150A0054F0E0;
					};
				};
			};
			buildConfigurationList = 1CBB46232113150A0054F0E0 /* Build configuration list for PBXProject "GFExtensions" */;
			compatibilityVersion = "Xcode 9.3";
			developmentRegion = en;
			hasScannedForEncodings = 0;
			knownRegions = (
				en,
				Base,
			);
			mainGroup = 1CBB461F2113150A0054F0E0;
			productRefGroup = 1CBB46292113150A0054F0E0 /* Products */;
			projectDirPath = "";
			projectRoot = "";
			targets = (
				1CBB46272113150A0054F0E0 /* GFExtensions */,
				1CBB463B2113150C0054F0E0 /* GFExtensionsTests */,
				1CBB46462113150C0054F0E0 /* GFExtensionsUITests */,
			);
		};
/* End PBXProject section */

/* Begin PBXResourcesBuildPhase section */
		1CBB46262113150A0054F0E0 /* Resources */ = {
			isa = PBXResourcesBuildPhase;
			buildActionMask = 2147483647;
			files = (
				1CBB46362113150C0054F0E0 /* LaunchScreen.storyboard in Resources */,
				1CBB46332113150C0054F0E0 /* Assets.xcassets in Resources */,
				1CBB46312113150A0054F0E0 /* Main.storyboard in Resources */,
			);
			runOnlyForDeploymentPostprocessing = 0;
		};
		1CBB463A2113150C0054F0E0 /* Resources */ = {
			isa = PBXResourcesBuildPhase;
			buildActionMask = 2147483647;
			files = (
			);
			runOnlyForDeploymentPostprocessing = 0;
		};
		1CBB46452113150C0054F0E0 /* Resources */ = {
			isa = PBXResourcesBuildPhase;
			buildActionMask = 2147483647;
			files = (
			);
			runOnlyForDeploymentPostprocessing = 0;
		};
/* End PBXResourcesBuildPhase section */

/* Begin PBXSourcesBuildPhase section */
		1CBB46242113150A0054F0E0 /* Sources */ = {
			isa = PBXSourcesBuildPhase;
			buildActionMask = 2147483647;
			files = (
				1C4943DC237BF02900090E72 /* Codable+Tools.swift in Sources */,
				1C4943D7237BE73400090E72 /* Extension+runtime.swift in Sources */,
				1C149754213F70E800197EA0 /* GlobalConst.swift in Sources */,
				1CAC55092113F4DA00D2D29F /* Extension+Foundation.swift in Sources */,
				1C0BB68F22A4C420009327F3 /* GFCompatible.swift in Sources */,
				1CAC55072113F4C000D2D29F /* Extension+UIKit.swift in Sources */,
				1C4943DA237BED0B00090E72 /* UIButton+Tools.swift in Sources */,
				1CBB462E2113150A0054F0E0 /* ViewController.swift in Sources */,
				1CBB462C2113150A0054F0E0 /* AppDelegate.swift in Sources */,
			);
			runOnlyForDeploymentPostprocessing = 0;
		};
		1CBB46382113150C0054F0E0 /* Sources */ = {
			isa = PBXSourcesBuildPhase;
			buildActionMask = 2147483647;
			files = (
				1CBB46412113150C0054F0E0 /* GFExtensionsTests.swift in Sources */,
			);
			runOnlyForDeploymentPostprocessing = 0;
		};
		1CBB46432113150C0054F0E0 /* Sources */ = {
			isa = PBXSourcesBuildPhase;
			buildActionMask = 2147483647;
			files = (
				1CBB464C2113150C0054F0E0 /* GFExtensionsUITests.swift in Sources */,
			);
			runOnlyForDeploymentPostprocessing = 0;
		};
/* End PBXSourcesBuildPhase section */

/* Begin PBXTargetDependency section */
		1CBB463E2113150C0054F0E0 /* PBXTargetDependency */ = {
			isa = PBXTargetDependency;
			target = 1CBB46272113150A0054F0E0 /* GFExtensions */;
			targetProxy = 1CBB463D2113150C0054F0E0 /* PBXContainerItemProxy */;
		};
		1CBB46492113150C0054F0E0 /* PBXTargetDependency */ = {
			isa = PBXTargetDependency;
			target = 1CBB46272113150A0054F0E0 /* GFExtensions */;
			targetProxy = 1CBB46482113150C0054F0E0 /* PBXContainerItemProxy */;
		};
/* End PBXTargetDependency section */

/* Begin PBXVariantGroup section */
		1CBB462F2113150A0054F0E0 /* Main.storyboard */ = {
			isa = PBXVariantGroup;
			children = (
				1CBB46302113150A0054F0E0 /* Base */,
			);
			name = Main.storyboard;
			sourceTree = "<group>";
		};
		1CBB46342113150C0054F0E0 /* LaunchScreen.storyboard */ = {
			isa = PBXVariantGroup;
			children = (
				1CBB46352113150C0054F0E0 /* Base */,
			);
			name = LaunchScreen.storyboard;
			sourceTree = "<group>";
		};
/* End PBXVariantGroup section */

/* Begin XCBuildConfiguration section */
		1CBB464E2113150C0054F0E0 /* Debug */ = {
			isa = XCBuildConfiguration;
			buildSettings = {
				ALWAYS_SEARCH_USER_PATHS = NO;
				CLANG_ANALYZER_NONNULL = YES;
				CLANG_ANALYZER_NUMBER_OBJECT_CONVERSION = YES_AGGRESSIVE;
				CLANG_CXX_LANGUAGE_STANDARD = "gnu++14";
				CLANG_CXX_LIBRARY = "libc++";
				CLANG_ENABLE_MODULES = YES;
				CLANG_ENABLE_OBJC_ARC = YES;
				CLANG_ENABLE_OBJC_WEAK = YES;
				CLANG_WARN_BLOCK_CAPTURE_AUTORELEASING = YES;
				CLANG_WARN_BOOL_CONVERSION = YES;
				CLANG_WARN_COMMA = YES;
				CLANG_WARN_CONSTANT_CONVERSION = YES;
				CLANG_WARN_DEPRECATED_OBJC_IMPLEMENTATIONS = YES;
				CLANG_WARN_DIRECT_OBJC_ISA_USAGE = YES_ERROR;
				CLANG_WARN_DOCUMENTATION_COMMENTS = YES;
				CLANG_WARN_EMPTY_BODY = YES;
				CLANG_WARN_ENUM_CONVERSION = YES;
				CLANG_WARN_INFINITE_RECURSION = YES;
				CLANG_WARN_INT_CONVERSION = YES;
				CLANG_WARN_NON_LITERAL_NULL_CONVERSION = YES;
				CLANG_WARN_OBJC_IMPLICIT_RETAIN_SELF = YES;
				CLANG_WARN_OBJC_LITERAL_CONVERSION = YES;
				CLANG_WARN_OBJC_ROOT_CLASS = YES_ERROR;
				CLANG_WARN_RANGE_LOOP_ANALYSIS = YES;
				CLANG_WARN_STRICT_PROTOTYPES = YES;
				CLANG_WARN_SUSPICIOUS_MOVE = YES;
				CLANG_WARN_UNGUARDED_AVAILABILITY = YES_AGGRESSIVE;
				CLANG_WARN_UNREACHABLE_CODE = YES;
				CLANG_WARN__DUPLICATE_METHOD_MATCH = YES;
				CODE_SIGN_IDENTITY = "iPhone Developer";
				COPY_PHASE_STRIP = NO;
				DEBUG_INFORMATION_FORMAT = dwarf;
				ENABLE_STRICT_OBJC_MSGSEND = YES;
				ENABLE_TESTABILITY = YES;
				GCC_C_LANGUAGE_STANDARD = gnu11;
				GCC_DYNAMIC_NO_PIC = NO;
				GCC_NO_COMMON_BLOCKS = YES;
				GCC_OPTIMIZATION_LEVEL = 0;
				GCC_PREPROCESSOR_DEFINITIONS = (
					"DEBUG=1",
					"$(inherited)",
				);
				GCC_WARN_64_TO_32_BIT_CONVERSION = YES;
				GCC_WARN_ABOUT_RETURN_TYPE = YES_ERROR;
				GCC_WARN_UNDECLARED_SELECTOR = YES;
				GCC_WARN_UNINITIALIZED_AUTOS = YES_AGGRESSIVE;
				GCC_WARN_UNUSED_FUNCTION = YES;
				GCC_WARN_UNUSED_VARIABLE = YES;
				IPHONEOS_DEPLOYMENT_TARGET = 8.0;
				MTL_ENABLE_DEBUG_INFO = YES;
				ONLY_ACTIVE_ARCH = YES;
				SDKROOT = iphoneos;
				SWIFT_ACTIVE_COMPILATION_CONDITIONS = DEBUG;
				SWIFT_OPTIMIZATION_LEVEL = "-Onone";
				SWIFT_VERSION = 4.2;
			};
			name = Debug;
		};
		1CBB464F2113150C0054F0E0 /* Release */ = {
			isa = XCBuildConfiguration;
			buildSettings = {
				ALWAYS_SEARCH_USER_PATHS = NO;
				CLANG_ANALYZER_NONNULL = YES;
				CLANG_ANALYZER_NUMBER_OBJECT_CONVERSION = YES_AGGRESSIVE;
				CLANG_CXX_LANGUAGE_STANDARD = "gnu++14";
				CLANG_CXX_LIBRARY = "libc++";
				CLANG_ENABLE_MODULES = YES;
				CLANG_ENABLE_OBJC_ARC = YES;
				CLANG_ENABLE_OBJC_WEAK = YES;
				CLANG_WARN_BLOCK_CAPTURE_AUTORELEASING = YES;
				CLANG_WARN_BOOL_CONVERSION = YES;
				CLANG_WARN_COMMA = YES;
				CLANG_WARN_CONSTANT_CONVERSION = YES;
				CLANG_WARN_DEPRECATED_OBJC_IMPLEMENTATIONS = YES;
				CLANG_WARN_DIRECT_OBJC_ISA_USAGE = YES_ERROR;
				CLANG_WARN_DOCUMENTATION_COMMENTS = YES;
				CLANG_WARN_EMPTY_BODY = YES;
				CLANG_WARN_ENUM_CONVERSION = YES;
				CLANG_WARN_INFINITE_RECURSION = YES;
				CLANG_WARN_INT_CONVERSION = YES;
				CLANG_WARN_NON_LITERAL_NULL_CONVERSION = YES;
				CLANG_WARN_OBJC_IMPLICIT_RETAIN_SELF = YES;
				CLANG_WARN_OBJC_LITERAL_CONVERSION = YES;
				CLANG_WARN_OBJC_ROOT_CLASS = YES_ERROR;
				CLANG_WARN_RANGE_LOOP_ANALYSIS = YES;
				CLANG_WARN_STRICT_PROTOTYPES = YES;
				CLANG_WARN_SUSPICIOUS_MOVE = YES;
				CLANG_WARN_UNGUARDED_AVAILABILITY = YES_AGGRESSIVE;
				CLANG_WARN_UNREACHABLE_CODE = YES;
				CLANG_WARN__DUPLICATE_METHOD_MATCH = YES;
				CODE_SIGN_IDENTITY = "iPhone Developer";
				COPY_PHASE_STRIP = NO;
				DEBUG_INFORMATION_FORMAT = "dwarf-with-dsym";
				ENABLE_NS_ASSERTIONS = NO;
				ENABLE_STRICT_OBJC_MSGSEND = YES;
				GCC_C_LANGUAGE_STANDARD = gnu11;
				GCC_NO_COMMON_BLOCKS = YES;
				GCC_WARN_64_TO_32_BIT_CONVERSION = YES;
				GCC_WARN_ABOUT_RETURN_TYPE = YES_ERROR;
				GCC_WARN_UNDECLARED_SELECTOR = YES;
				GCC_WARN_UNINITIALIZED_AUTOS = YES_AGGRESSIVE;
				GCC_WARN_UNUSED_FUNCTION = YES;
				GCC_WARN_UNUSED_VARIABLE = YES;
				IPHONEOS_DEPLOYMENT_TARGET = 8.0;
				MTL_ENABLE_DEBUG_INFO = NO;
				SDKROOT = iphoneos;
				SWIFT_COMPILATION_MODE = wholemodule;
				SWIFT_OPTIMIZATION_LEVEL = "-O";
				SWIFT_VERSION = 4.2;
				VALIDATE_PRODUCT = YES;
			};
			name = Release;
		};
		1CBB46512113150C0054F0E0 /* Debug */ = {
			isa = XCBuildConfiguration;
			buildSettings = {
				ASSETCATALOG_COMPILER_APPICON_NAME = AppIcon;
				CODE_SIGN_STYLE = Automatic;
				DEVELOPMENT_TEAM = X54SEC6EF3;
				INFOPLIST_FILE = GFExtensions/Info.plist;
				IPHONEOS_DEPLOYMENT_TARGET = 9.0;
				LD_RUNPATH_SEARCH_PATHS = (
					"$(inherited)",
					"@executable_path/Frameworks",
				);
				PRODUCT_BUNDLE_IDENTIFIER = com.fangshen.GFExtensions;
				PRODUCT_NAME = "$(TARGET_NAME)";
				SWIFT_VERSION = 5.0;
				TARGETED_DEVICE_FAMILY = "1,2";
			};
			name = Debug;
		};
		1CBB46522113150C0054F0E0 /* Release */ = {
			isa = XCBuildConfiguration;
			buildSettings = {
				ASSETCATALOG_COMPILER_APPICON_NAME = AppIcon;
				CODE_SIGN_STYLE = Automatic;
				DEVELOPMENT_TEAM = X54SEC6EF3;
				INFOPLIST_FILE = GFExtensions/Info.plist;
				IPHONEOS_DEPLOYMENT_TARGET = 9.0;
				LD_RUNPATH_SEARCH_PATHS = (
					"$(inherited)",
					"@executable_path/Frameworks",
				);
				PRODUCT_BUNDLE_IDENTIFIER = com.fangshen.GFExtensions;
				PRODUCT_NAME = "$(TARGET_NAME)";
				SWIFT_VERSION = 5.0;
				TARGETED_DEVICE_FAMILY = "1,2";
			};
			name = Release;
		};
		1CBB46542113150C0054F0E0 /* Debug */ = {
			isa = XCBuildConfiguration;
			buildSettings = {
				ALWAYS_EMBED_SWIFT_STANDARD_LIBRARIES = YES;
				BUNDLE_LOADER = "$(TEST_HOST)";
				CODE_SIGN_STYLE = Automatic;
				DEVELOPMENT_TEAM = X54SEC6EF3;
				INFOPLIST_FILE = GFExtensionsTests/Info.plist;
				LD_RUNPATH_SEARCH_PATHS = (
					"$(inherited)",
					"@executable_path/Frameworks",
					"@loader_path/Frameworks",
				);
				PRODUCT_BUNDLE_IDENTIFIER = com.fangshen.GFExtensionsTests;
				PRODUCT_NAME = "$(TARGET_NAME)";
				SWIFT_VERSION = 5.0;
				TARGETED_DEVICE_FAMILY = "1,2";
				TEST_HOST = "$(BUILT_PRODUCTS_DIR)/GFExtensions.app/GFExtensions";
			};
			name = Debug;
		};
		1CBB46552113150C0054F0E0 /* Release */ = {
			isa = XCBuildConfiguration;
			buildSettings = {
				ALWAYS_EMBED_SWIFT_STANDARD_LIBRARIES = YES;
				BUNDLE_LOADER = "$(TEST_HOST)";
				CODE_SIGN_STYLE = Automatic;
				DEVELOPMENT_TEAM = X54SEC6EF3;
				INFOPLIST_FILE = GFExtensionsTests/Info.plist;
				LD_RUNPATH_SEARCH_PATHS = (
					"$(inherited)",
					"@executable_path/Frameworks",
					"@loader_path/Frameworks",
				);
				PRODUCT_BUNDLE_IDENTIFIER = com.fangshen.GFExtensionsTests;
				PRODUCT_NAME = "$(TARGET_NAME)";
				SWIFT_VERSION = 5.0;
				TARGETED_DEVICE_FAMILY = "1,2";
				TEST_HOST = "$(BUILT_PRODUCTS_DIR)/GFExtensions.app/GFExtensions";
			};
			name = Release;
		};
		1CBB46572113150C0054F0E0 /* Debug */ = {
			isa = XCBuildConfiguration;
			buildSettings = {
				ALWAYS_EMBED_SWIFT_STANDARD_LIBRARIES = YES;
				CODE_SIGN_STYLE = Automatic;
				DEVELOPMENT_TEAM = X54SEC6EF3;
				INFOPLIST_FILE = GFExtensionsUITests/Info.plist;
				LD_RUNPATH_SEARCH_PATHS = (
					"$(inherited)",
					"@executable_path/Frameworks",
					"@loader_path/Frameworks",
				);
				PRODUCT_BUNDLE_IDENTIFIER = com.fangshen.GFExtensionsUITests;
				PRODUCT_NAME = "$(TARGET_NAME)";
				SWIFT_VERSION = 5.0;
				TARGETED_DEVICE_FAMILY = "1,2";
				TEST_TARGET_NAME = GFExtensions;
			};
			name = Debug;
		};
		1CBB46582113150C0054F0E0 /* Release */ = {
			isa = XCBuildConfiguration;
			buildSettings = {
				ALWAYS_EMBED_SWIFT_STANDARD_LIBRARIES = YES;
				CODE_SIGN_STYLE = Automatic;
				DEVELOPMENT_TEAM = X54SEC6EF3;
				INFOPLIST_FILE = GFExtensionsUITests/Info.plist;
				LD_RUNPATH_SEARCH_PATHS = (
					"$(inherited)",
					"@executable_path/Frameworks",
					"@loader_path/Frameworks",
				);
				PRODUCT_BUNDLE_IDENTIFIER = com.fangshen.GFExtensionsUITests;
				PRODUCT_NAME = "$(TARGET_NAME)";
				SWIFT_VERSION = 5.0;
				TARGETED_DEVICE_FAMILY = "1,2";
				TEST_TARGET_NAME = GFExtensions;
			};
			name = Release;
		};
/* End XCBuildConfiguration section */

/* Begin XCConfigurationList section */
		1CBB46232113150A0054F0E0 /* Build configuration list for PBXProject "GFExtensions" */ = {
			isa = XCConfigurationList;
			buildConfigurations = (
				1CBB464E2113150C0054F0E0 /* Debug */,
				1CBB464F2113150C0054F0E0 /* Release */,
			);
			defaultConfigurationIsVisible = 0;
			defaultConfigurationName = Release;
		};
		1CBB46502113150C0054F0E0 /* Build configuration list for PBXNativeTarget "GFExtensions" */ = {
			isa = XCConfigurationList;
			buildConfigurations = (
				1CBB46512113150C0054F0E0 /* Debug */,
				1CBB46522113150C0054F0E0 /* Release */,
			);
			defaultConfigurationIsVisible = 0;
			defaultConfigurationName = Release;
		};
		1CBB46532113150C0054F0E0 /* Build configuration list for PBXNativeTarget "GFExtensionsTests" */ = {
			isa = XCConfigurationList;
			buildConfigurations = (
				1CBB46542113150C0054F0E0 /* Debug */,
				1CBB46552113150C0054F0E0 /* Release */,
			);
			defaultConfigurationIsVisible = 0;
			defaultConfigurationName = Release;
		};
		1CBB46562113150C0054F0E0 /* Build configuration list for PBXNativeTarget "GFExtensionsUITests" */ = {
			isa = XCConfigurationList;
			buildConfigurations = (
				1CBB46572113150C0054F0E0 /* Debug */,
				1CBB46582113150C0054F0E0 /* Release */,
			);
			defaultConfigurationIsVisible = 0;
			defaultConfigurationName = Release;
		};
/* End XCConfigurationList section */
	};
	rootObject = 1CBB46202113150A0054F0E0 /* Project object */;
}
